// !$*UTF8*$!
{
	archiveVersion = 1;
	classes = {
	};
	objectVersion = 50;
	objects = {

/* Begin PBXBuildFile section */
		93088B9D225B95E20067F09D /* Date+Extensions.swift in Sources */ = {isa = PBXBuildFile; fileRef = 93088B9C225B95E20067F09D /* Date+Extensions.swift */; };
		93088B9F225B95FE0067F09D /* String+Extensions.swift in Sources */ = {isa = PBXBuildFile; fileRef = 93088B9E225B95FE0067F09D /* String+Extensions.swift */; };
		93088BA1225B963C0067F09D /* UIViewController+Alerts.swift in Sources */ = {isa = PBXBuildFile; fileRef = 93088BA0225B963C0067F09D /* UIViewController+Alerts.swift */; };
		93088BA3225B96970067F09D /* UIViewController+Navigation.swift in Sources */ = {isa = PBXBuildFile; fileRef = 93088BA2225B96970067F09D /* UIViewController+Navigation.swift */; };
		93088BA5225B972E0067F09D /* AuthService.swift in Sources */ = {isa = PBXBuildFile; fileRef = 93088BA4225B972E0067F09D /* AuthService.swift */; };
		93088BA7225B97C10067F09D /* IBDesignable.swift in Sources */ = {isa = PBXBuildFile; fileRef = 93088BA6225B97C10067F09D /* IBDesignable.swift */; };
		93088BA9225B9A520067F09D /* StorageService.swift in Sources */ = {isa = PBXBuildFile; fileRef = 93088BA8225B9A520067F09D /* StorageService.swift */; };
		93088BAB225B9AE10067F09D /* DBService.swift in Sources */ = {isa = PBXBuildFile; fileRef = 93088BAA225B9AE10067F09D /* DBService.swift */; };
		93088BAD225B9B270067F09D /* EventPost.swift in Sources */ = {isa = PBXBuildFile; fileRef = 93088BAC225B9B270067F09D /* EventPost.swift */; };
		93088BAF225B9B370067F09D /* Poster.swift in Sources */ = {isa = PBXBuildFile; fileRef = 93088BAE225B9B370067F09D /* Poster.swift */; };
		93088BB4225BA6580067F09D /* LoginViewController.swift in Sources */ = {isa = PBXBuildFile; fileRef = 93088BB3225BA6580067F09D /* LoginViewController.swift */; };
		93088BB6225BA6660067F09D /* CreateAccountViewController.swift in Sources */ = {isa = PBXBuildFile; fileRef = 93088BB5225BA6660067F09D /* CreateAccountViewController.swift */; };
		93088BB8225BA6D70067F09D /* LoginWithExistingViewController.swift in Sources */ = {isa = PBXBuildFile; fileRef = 93088BB7225BA6D70067F09D /* LoginWithExistingViewController.swift */; };
		93088BBA225BA6F90067F09D /* LoginView.swift in Sources */ = {isa = PBXBuildFile; fileRef = 93088BB9225BA6F90067F09D /* LoginView.swift */; };
		93088BBC225BA70A0067F09D /* CreateUserView.swift in Sources */ = {isa = PBXBuildFile; fileRef = 93088BBB225BA70A0067F09D /* CreateUserView.swift */; };
		93088BBE225BA7200067F09D /* AccountExistingView.swift in Sources */ = {isa = PBXBuildFile; fileRef = 93088BBD225BA7200067F09D /* AccountExistingView.swift */; };
		93088BC2225BB0B80067F09D /* Protocols.swift in Sources */ = {isa = PBXBuildFile; fileRef = 93088BC1225BB0B80067F09D /* Protocols.swift */; };
		93088BC4225BB0D80067F09D /* MenuOptionsCell.swift in Sources */ = {isa = PBXBuildFile; fileRef = 93088BC3225BB0D80067F09D /* MenuOptionsCell.swift */; };
		93088BC6225BB10D0067F09D /* ContainerController.swift in Sources */ = {isa = PBXBuildFile; fileRef = 93088BC5225BB10D0067F09D /* ContainerController.swift */; };
		93088BC8225BB1330067F09D /* MenuOptions.swift in Sources */ = {isa = PBXBuildFile; fileRef = 93088BC7225BB1330067F09D /* MenuOptions.swift */; };
		93088BCB225BB1570067F09D /* HomeController.swift in Sources */ = {isa = PBXBuildFile; fileRef = 93088BCA225BB1570067F09D /* HomeController.swift */; };
		93088BCD225BB1680067F09D /* MenuController.swift in Sources */ = {isa = PBXBuildFile; fileRef = 93088BCC225BB1680067F09D /* MenuController.swift */; };
		9314F7792257B041009E0BB7 /* AppDelegate.swift in Sources */ = {isa = PBXBuildFile; fileRef = 9314F7782257B041009E0BB7 /* AppDelegate.swift */; };
		9314F77B2257B041009E0BB7 /* PinPointTabBarController.swift in Sources */ = {isa = PBXBuildFile; fileRef = 9314F77A2257B041009E0BB7 /* PinPointTabBarController.swift */; };
		9314F7802257B043009E0BB7 /* Assets.xcassets in Resources */ = {isa = PBXBuildFile; fileRef = 9314F77F2257B043009E0BB7 /* Assets.xcassets */; };
		9314F7832257B043009E0BB7 /* LaunchScreen.storyboard in Resources */ = {isa = PBXBuildFile; fileRef = 9314F7812257B043009E0BB7 /* LaunchScreen.storyboard */; };
		9314F78B2257B2F4009E0BB7 /* GoogleService-Info.plist in Resources */ = {isa = PBXBuildFile; fileRef = 9314F78A2257B2F4009E0BB7 /* GoogleService-Info.plist */; };
		94F65BFC0759B9FC879F0B3A /* Pods_PinPoint.framework in Frameworks */ = {isa = PBXBuildFile; fileRef = 4E6346C23E7AB50CCD79EA1B /* Pods_PinPoint.framework */; };
/* End PBXBuildFile section */

/* Begin PBXFileReference section */
		146FB7134DA418F51EC1E8D3 /* Pods-PinPoint.debug.xcconfig */ = {isa = PBXFileReference; includeInIndex = 1; lastKnownFileType = text.xcconfig; name = "Pods-PinPoint.debug.xcconfig"; path = "Target Support Files/Pods-PinPoint/Pods-PinPoint.debug.xcconfig"; sourceTree = "<group>"; };
		246C9750CA3360B1EC660EC1 /* Pods-PinPoint.release.xcconfig */ = {isa = PBXFileReference; includeInIndex = 1; lastKnownFileType = text.xcconfig; name = "Pods-PinPoint.release.xcconfig"; path = "Target Support Files/Pods-PinPoint/Pods-PinPoint.release.xcconfig"; sourceTree = "<group>"; };
		4E6346C23E7AB50CCD79EA1B /* Pods_PinPoint.framework */ = {isa = PBXFileReference; explicitFileType = wrapper.framework; includeInIndex = 0; path = Pods_PinPoint.framework; sourceTree = BUILT_PRODUCTS_DIR; };
		93088B9C225B95E20067F09D /* Date+Extensions.swift */ = {isa = PBXFileReference; lastKnownFileType = sourcecode.swift; path = "Date+Extensions.swift"; sourceTree = "<group>"; };
		93088B9E225B95FE0067F09D /* String+Extensions.swift */ = {isa = PBXFileReference; lastKnownFileType = sourcecode.swift; path = "String+Extensions.swift"; sourceTree = "<group>"; };
		93088BA0225B963C0067F09D /* UIViewController+Alerts.swift */ = {isa = PBXFileReference; lastKnownFileType = sourcecode.swift; path = "UIViewController+Alerts.swift"; sourceTree = "<group>"; };
		93088BA2225B96970067F09D /* UIViewController+Navigation.swift */ = {isa = PBXFileReference; lastKnownFileType = sourcecode.swift; path = "UIViewController+Navigation.swift"; sourceTree = "<group>"; };
		93088BA4225B972E0067F09D /* AuthService.swift */ = {isa = PBXFileReference; lastKnownFileType = sourcecode.swift; path = AuthService.swift; sourceTree = "<group>"; };
		93088BA6225B97C10067F09D /* IBDesignable.swift */ = {isa = PBXFileReference; lastKnownFileType = sourcecode.swift; path = IBDesignable.swift; sourceTree = "<group>"; };
		93088BA8225B9A520067F09D /* StorageService.swift */ = {isa = PBXFileReference; lastKnownFileType = sourcecode.swift; path = StorageService.swift; sourceTree = "<group>"; };
		93088BAA225B9AE10067F09D /* DBService.swift */ = {isa = PBXFileReference; lastKnownFileType = sourcecode.swift; path = DBService.swift; sourceTree = "<group>"; };
		93088BAC225B9B270067F09D /* EventPost.swift */ = {isa = PBXFileReference; lastKnownFileType = sourcecode.swift; path = EventPost.swift; sourceTree = "<group>"; };
		93088BAE225B9B370067F09D /* Poster.swift */ = {isa = PBXFileReference; lastKnownFileType = sourcecode.swift; path = Poster.swift; sourceTree = "<group>"; };
		93088BB3225BA6580067F09D /* LoginViewController.swift */ = {isa = PBXFileReference; lastKnownFileType = sourcecode.swift; path = LoginViewController.swift; sourceTree = "<group>"; };
		93088BB5225BA6660067F09D /* CreateAccountViewController.swift */ = {isa = PBXFileReference; lastKnownFileType = sourcecode.swift; path = CreateAccountViewController.swift; sourceTree = "<group>"; };
		93088BB7225BA6D70067F09D /* LoginWithExistingViewController.swift */ = {isa = PBXFileReference; lastKnownFileType = sourcecode.swift; path = LoginWithExistingViewController.swift; sourceTree = "<group>"; };
		93088BB9225BA6F90067F09D /* LoginView.swift */ = {isa = PBXFileReference; lastKnownFileType = sourcecode.swift; path = LoginView.swift; sourceTree = "<group>"; };
		93088BBB225BA70A0067F09D /* CreateUserView.swift */ = {isa = PBXFileReference; lastKnownFileType = sourcecode.swift; path = CreateUserView.swift; sourceTree = "<group>"; };
		93088BBD225BA7200067F09D /* AccountExistingView.swift */ = {isa = PBXFileReference; lastKnownFileType = sourcecode.swift; path = AccountExistingView.swift; sourceTree = "<group>"; };
		93088BC1225BB0B80067F09D /* Protocols.swift */ = {isa = PBXFileReference; lastKnownFileType = sourcecode.swift; path = Protocols.swift; sourceTree = "<group>"; };
		93088BC3225BB0D80067F09D /* MenuOptionsCell.swift */ = {isa = PBXFileReference; lastKnownFileType = sourcecode.swift; path = MenuOptionsCell.swift; sourceTree = "<group>"; };
		93088BC5225BB10D0067F09D /* ContainerController.swift */ = {isa = PBXFileReference; lastKnownFileType = sourcecode.swift; path = ContainerController.swift; sourceTree = "<group>"; };
		93088BC7225BB1330067F09D /* MenuOptions.swift */ = {isa = PBXFileReference; lastKnownFileType = sourcecode.swift; path = MenuOptions.swift; sourceTree = "<group>"; };
		93088BCA225BB1570067F09D /* HomeController.swift */ = {isa = PBXFileReference; lastKnownFileType = sourcecode.swift; path = HomeController.swift; sourceTree = "<group>"; };
		93088BCC225BB1680067F09D /* MenuController.swift */ = {isa = PBXFileReference; lastKnownFileType = sourcecode.swift; path = MenuController.swift; sourceTree = "<group>"; };
		9314F7752257B041009E0BB7 /* PinPoint.app */ = {isa = PBXFileReference; explicitFileType = wrapper.application; includeInIndex = 0; path = PinPoint.app; sourceTree = BUILT_PRODUCTS_DIR; };
		9314F7782257B041009E0BB7 /* AppDelegate.swift */ = {isa = PBXFileReference; lastKnownFileType = sourcecode.swift; path = AppDelegate.swift; sourceTree = "<group>"; };
		9314F77A2257B041009E0BB7 /* PinPointTabBarController.swift */ = {isa = PBXFileReference; lastKnownFileType = sourcecode.swift; path = PinPointTabBarController.swift; sourceTree = "<group>"; };
		9314F77F2257B043009E0BB7 /* Assets.xcassets */ = {isa = PBXFileReference; lastKnownFileType = folder.assetcatalog; path = Assets.xcassets; sourceTree = "<group>"; };
		9314F7822257B043009E0BB7 /* Base */ = {isa = PBXFileReference; lastKnownFileType = file.storyboard; name = Base; path = Base.lproj/LaunchScreen.storyboard; sourceTree = "<group>"; };
		9314F7842257B043009E0BB7 /* Info.plist */ = {isa = PBXFileReference; lastKnownFileType = text.plist.xml; path = Info.plist; sourceTree = "<group>"; };
		9314F78A2257B2F4009E0BB7 /* GoogleService-Info.plist */ = {isa = PBXFileReference; fileEncoding = 4; lastKnownFileType = text.plist.xml; path = "GoogleService-Info.plist"; sourceTree = "<group>"; };
/* End PBXFileReference section */

/* Begin PBXFrameworksBuildPhase section */
		9314F7722257B041009E0BB7 /* Frameworks */ = {
			isa = PBXFrameworksBuildPhase;
			buildActionMask = 2147483647;
			files = (
				94F65BFC0759B9FC879F0B3A /* Pods_PinPoint.framework in Frameworks */,
			);
			runOnlyForDeploymentPostprocessing = 0;
		};
/* End PBXFrameworksBuildPhase section */

/* Begin PBXGroup section */
		045E0753FEF6E7D0B5366311 /* Frameworks */ = {
			isa = PBXGroup;
			children = (
				4E6346C23E7AB50CCD79EA1B /* Pods_PinPoint.framework */,
			);
			name = Frameworks;
			sourceTree = "<group>";
		};
		93088BB0225B9DDC0067F09D /* FireBaseServices */ = {
			isa = PBXGroup;
			children = (
				93088BA4225B972E0067F09D /* AuthService.swift */,
				93088BA8225B9A520067F09D /* StorageService.swift */,
				93088BAA225B9AE10067F09D /* DBService.swift */,
			);
			path = FireBaseServices;
			sourceTree = "<group>";
		};
		93088BB1225B9DF70067F09D /* Extensions */ = {
			isa = PBXGroup;
			children = (
				93088BA6225B97C10067F09D /* IBDesignable.swift */,
				93088B9C225B95E20067F09D /* Date+Extensions.swift */,
				93088B9E225B95FE0067F09D /* String+Extensions.swift */,
				93088BA0225B963C0067F09D /* UIViewController+Alerts.swift */,
				93088BA2225B96970067F09D /* UIViewController+Navigation.swift */,
			);
			path = Extensions;
			sourceTree = "<group>";
		};
		93088BB2225B9E270067F09D /* UserInfo */ = {
			isa = PBXGroup;
			children = (
				93088BAC225B9B270067F09D /* EventPost.swift */,
				93088BAE225B9B370067F09D /* Poster.swift */,
			);
			path = UserInfo;
			sourceTree = "<group>";
		};
		93088BBF225BAEAD0067F09D /* Controllers */ = {
			isa = PBXGroup;
			children = (
				93088BB3225BA6580067F09D /* LoginViewController.swift */,
				93088BB5225BA6660067F09D /* CreateAccountViewController.swift */,
				93088BB7225BA6D70067F09D /* LoginWithExistingViewController.swift */,
				93088BC5225BB10D0067F09D /* ContainerController.swift */,
				93088BCA225BB1570067F09D /* HomeController.swift */,
				93088BCC225BB1680067F09D /* MenuController.swift */,
			);
			path = Controllers;
			sourceTree = "<group>";
		};
		93088BC0225BAECD0067F09D /* Views */ = {
			isa = PBXGroup;
			children = (
				93088BB9225BA6F90067F09D /* LoginView.swift */,
				93088BBB225BA70A0067F09D /* CreateUserView.swift */,
				93088BBD225BA7200067F09D /* AccountExistingView.swift */,
			);
			path = Views;
			sourceTree = "<group>";
		};
		93088BC9225BB13A0067F09D /* Utilites */ = {
			isa = PBXGroup;
			children = (
				93088BC1225BB0B80067F09D /* Protocols.swift */,
				93088BC3225BB0D80067F09D /* MenuOptionsCell.swift */,
				93088BC7225BB1330067F09D /* MenuOptions.swift */,
			);
			path = Utilites;
			sourceTree = "<group>";
		};
		9314F76C2257B041009E0BB7 = {
			isa = PBXGroup;
			children = (
				9314F7772257B041009E0BB7 /* PinPoint */,
				9314F7762257B041009E0BB7 /* Products */,
				D9B7DBB19B1F6A174232B3E6 /* Pods */,
				045E0753FEF6E7D0B5366311 /* Frameworks */,
			);
			sourceTree = "<group>";
		};
		9314F7762257B041009E0BB7 /* Products */ = {
			isa = PBXGroup;
			children = (
				9314F7752257B041009E0BB7 /* PinPoint.app */,
			);
			name = Products;
			sourceTree = "<group>";
		};
		9314F7772257B041009E0BB7 /* PinPoint */ = {
			isa = PBXGroup;
			children = (
				9314F7782257B041009E0BB7 /* AppDelegate.swift */,
				93088BC9225BB13A0067F09D /* Utilites */,
				93088BBF225BAEAD0067F09D /* Controllers */,
				93088BC0225BAECD0067F09D /* Views */,
				93088BB0225B9DDC0067F09D /* FireBaseServices */,
				93088BB1225B9DF70067F09D /* Extensions */,
				9314F77A2257B041009E0BB7 /* PinPointTabBarController.swift */,
				93088BB2225B9E270067F09D /* UserInfo */,
				9314F77F2257B043009E0BB7 /* Assets.xcassets */,
				9314F7812257B043009E0BB7 /* LaunchScreen.storyboard */,
				9314F7842257B043009E0BB7 /* Info.plist */,
				9314F78A2257B2F4009E0BB7 /* GoogleService-Info.plist */,
			);
			path = PinPoint;
			sourceTree = "<group>";
		};
		D9B7DBB19B1F6A174232B3E6 /* Pods */ = {
			isa = PBXGroup;
			children = (
				146FB7134DA418F51EC1E8D3 /* Pods-PinPoint.debug.xcconfig */,
				246C9750CA3360B1EC660EC1 /* Pods-PinPoint.release.xcconfig */,
			);
			path = Pods;
			sourceTree = "<group>";
		};
/* End PBXGroup section */

/* Begin PBXNativeTarget section */
		9314F7742257B041009E0BB7 /* PinPoint */ = {
			isa = PBXNativeTarget;
			buildConfigurationList = 9314F7872257B043009E0BB7 /* Build configuration list for PBXNativeTarget "PinPoint" */;
			buildPhases = (
				7DEC6C6D6424528BFA626629 /* [CP] Check Pods Manifest.lock */,
				9314F7712257B041009E0BB7 /* Sources */,
				9314F7722257B041009E0BB7 /* Frameworks */,
				9314F7732257B041009E0BB7 /* Resources */,
				3CC5A8BCE2172E852C97BF6D /* [CP] Embed Pods Frameworks */,
			);
			buildRules = (
			);
			dependencies = (
			);
			name = PinPoint;
			productName = PinPoint;
			productReference = 9314F7752257B041009E0BB7 /* PinPoint.app */;
			productType = "com.apple.product-type.application";
		};
/* End PBXNativeTarget section */

/* Begin PBXProject section */
		9314F76D2257B041009E0BB7 /* Project object */ = {
			isa = PBXProject;
			attributes = {
				LastSwiftUpdateCheck = 1020;
				LastUpgradeCheck = 1020;
				ORGANIZATIONNAME = Pursuit;
				TargetAttributes = {
					9314F7742257B041009E0BB7 = {
						CreatedOnToolsVersion = 10.2;
					};
				};
			};
			buildConfigurationList = 9314F7702257B041009E0BB7 /* Build configuration list for PBXProject "PinPoint" */;
			compatibilityVersion = "Xcode 9.3";
			developmentRegion = en;
			hasScannedForEncodings = 0;
			knownRegions = (
				en,
				Base,
			);
			mainGroup = 9314F76C2257B041009E0BB7;
			productRefGroup = 9314F7762257B041009E0BB7 /* Products */;
			projectDirPath = "";
			projectRoot = "";
			targets = (
				9314F7742257B041009E0BB7 /* PinPoint */,
			);
		};
/* End PBXProject section */

/* Begin PBXResourcesBuildPhase section */
		9314F7732257B041009E0BB7 /* Resources */ = {
			isa = PBXResourcesBuildPhase;
			buildActionMask = 2147483647;
			files = (
				9314F7832257B043009E0BB7 /* LaunchScreen.storyboard in Resources */,
				9314F78B2257B2F4009E0BB7 /* GoogleService-Info.plist in Resources */,
				9314F7802257B043009E0BB7 /* Assets.xcassets in Resources */,
			);
			runOnlyForDeploymentPostprocessing = 0;
		};
/* End PBXResourcesBuildPhase section */

/* Begin PBXShellScriptBuildPhase section */
		3CC5A8BCE2172E852C97BF6D /* [CP] Embed Pods Frameworks */ = {
			isa = PBXShellScriptBuildPhase;
			buildActionMask = 2147483647;
			files = (
			);
			inputFileListPaths = (
			);
			inputPaths = (
				"${PODS_ROOT}/Target Support Files/Pods-PinPoint/Pods-PinPoint-frameworks.sh",
				"${BUILT_PRODUCTS_DIR}/BoringSSL-GRPC/openssl_grpc.framework",
				"${BUILT_PRODUCTS_DIR}/GTMSessionFetcher/GTMSessionFetcher.framework",
				"${BUILT_PRODUCTS_DIR}/GoogleUtilities/GoogleUtilities.framework",
				"${BUILT_PRODUCTS_DIR}/Kingfisher/Kingfisher.framework",
				"${BUILT_PRODUCTS_DIR}/Protobuf/Protobuf.framework",
				"${BUILT_PRODUCTS_DIR}/SnapKit/SnapKit.framework",
				"${BUILT_PRODUCTS_DIR}/Toucan/Toucan.framework",
				"${BUILT_PRODUCTS_DIR}/gRPC-C++/grpcpp.framework",
				"${BUILT_PRODUCTS_DIR}/gRPC-Core/grpc.framework",
				"${BUILT_PRODUCTS_DIR}/leveldb-library/leveldb.framework",
				"${BUILT_PRODUCTS_DIR}/nanopb/nanopb.framework",
			);
			name = "[CP] Embed Pods Frameworks";
			outputFileListPaths = (
			);
			outputPaths = (
				"${TARGET_BUILD_DIR}/${FRAMEWORKS_FOLDER_PATH}/openssl_grpc.framework",
				"${TARGET_BUILD_DIR}/${FRAMEWORKS_FOLDER_PATH}/GTMSessionFetcher.framework",
				"${TARGET_BUILD_DIR}/${FRAMEWORKS_FOLDER_PATH}/GoogleUtilities.framework",
				"${TARGET_BUILD_DIR}/${FRAMEWORKS_FOLDER_PATH}/Kingfisher.framework",
				"${TARGET_BUILD_DIR}/${FRAMEWORKS_FOLDER_PATH}/Protobuf.framework",
				"${TARGET_BUILD_DIR}/${FRAMEWORKS_FOLDER_PATH}/SnapKit.framework",
				"${TARGET_BUILD_DIR}/${FRAMEWORKS_FOLDER_PATH}/Toucan.framework",
				"${TARGET_BUILD_DIR}/${FRAMEWORKS_FOLDER_PATH}/grpcpp.framework",
				"${TARGET_BUILD_DIR}/${FRAMEWORKS_FOLDER_PATH}/grpc.framework",
				"${TARGET_BUILD_DIR}/${FRAMEWORKS_FOLDER_PATH}/leveldb.framework",
				"${TARGET_BUILD_DIR}/${FRAMEWORKS_FOLDER_PATH}/nanopb.framework",
			);
			runOnlyForDeploymentPostprocessing = 0;
			shellPath = /bin/sh;
			shellScript = "\"${PODS_ROOT}/Target Support Files/Pods-PinPoint/Pods-PinPoint-frameworks.sh\"\n";
			showEnvVarsInLog = 0;
		};
		7DEC6C6D6424528BFA626629 /* [CP] Check Pods Manifest.lock */ = {
			isa = PBXShellScriptBuildPhase;
			buildActionMask = 2147483647;
			files = (
			);
			inputFileListPaths = (
			);
			inputPaths = (
				"${PODS_PODFILE_DIR_PATH}/Podfile.lock",
				"${PODS_ROOT}/Manifest.lock",
			);
			name = "[CP] Check Pods Manifest.lock";
			outputFileListPaths = (
			);
			outputPaths = (
				"$(DERIVED_FILE_DIR)/Pods-PinPoint-checkManifestLockResult.txt",
			);
			runOnlyForDeploymentPostprocessing = 0;
			shellPath = /bin/sh;
			shellScript = "diff \"${PODS_PODFILE_DIR_PATH}/Podfile.lock\" \"${PODS_ROOT}/Manifest.lock\" > /dev/null\nif [ $? != 0 ] ; then\n    # print error to STDERR\n    echo \"error: The sandbox is not in sync with the Podfile.lock. Run 'pod install' or update your CocoaPods installation.\" >&2\n    exit 1\nfi\n# This output is used by Xcode 'outputs' to avoid re-running this script phase.\necho \"SUCCESS\" > \"${SCRIPT_OUTPUT_FILE_0}\"\n";
			showEnvVarsInLog = 0;
		};
/* End PBXShellScriptBuildPhase section */

/* Begin PBXSourcesBuildPhase section */
		9314F7712257B041009E0BB7 /* Sources */ = {
			isa = PBXSourcesBuildPhase;
			buildActionMask = 2147483647;
			files = (
				93088BB6225BA6660067F09D /* CreateAccountViewController.swift in Sources */,
				93088BC4225BB0D80067F09D /* MenuOptionsCell.swift in Sources */,
				93088BA3225B96970067F09D /* UIViewController+Navigation.swift in Sources */,
				93088BAB225B9AE10067F09D /* DBService.swift in Sources */,
				93088B9F225B95FE0067F09D /* String+Extensions.swift in Sources */,
				93088BBC225BA70A0067F09D /* CreateUserView.swift in Sources */,
				9314F77B2257B041009E0BB7 /* PinPointTabBarController.swift in Sources */,
				9314F7792257B041009E0BB7 /* AppDelegate.swift in Sources */,
				93088BBE225BA7200067F09D /* AccountExistingView.swift in Sources */,
				93088BC8225BB1330067F09D /* MenuOptions.swift in Sources */,
				93088BA1225B963C0067F09D /* UIViewController+Alerts.swift in Sources */,
				93088BC2225BB0B80067F09D /* Protocols.swift in Sources */,
				93088B9D225B95E20067F09D /* Date+Extensions.swift in Sources */,
				93088BB8225BA6D70067F09D /* LoginWithExistingViewController.swift in Sources */,
				93088BA7225B97C10067F09D /* IBDesignable.swift in Sources */,
				93088BAF225B9B370067F09D /* Poster.swift in Sources */,
				93088BCD225BB1680067F09D /* MenuController.swift in Sources */,
				93088BAD225B9B270067F09D /* EventPost.swift in Sources */,
				93088BC6225BB10D0067F09D /* ContainerController.swift in Sources */,
				93088BA9225B9A520067F09D /* StorageService.swift in Sources */,
				93088BB4225BA6580067F09D /* LoginViewController.swift in Sources */,
				93088BCB225BB1570067F09D /* HomeController.swift in Sources */,
				93088BBA225BA6F90067F09D /* LoginView.swift in Sources */,
				93088BA5225B972E0067F09D /* AuthService.swift in Sources */,
			);
			runOnlyForDeploymentPostprocessing = 0;
		};
/* End PBXSourcesBuildPhase section */

/* Begin PBXVariantGroup section */
		9314F7812257B043009E0BB7 /* LaunchScreen.storyboard */ = {
			isa = PBXVariantGroup;
			children = (
				9314F7822257B043009E0BB7 /* Base */,
			);
			name = LaunchScreen.storyboard;
			sourceTree = "<group>";
		};
/* End PBXVariantGroup section */

/* Begin XCBuildConfiguration section */
		9314F7852257B043009E0BB7 /* Debug */ = {
			isa = XCBuildConfiguration;
			buildSettings = {
				ALWAYS_SEARCH_USER_PATHS = NO;
				CLANG_ANALYZER_NONNULL = YES;
				CLANG_ANALYZER_NUMBER_OBJECT_CONVERSION = YES_AGGRESSIVE;
				CLANG_CXX_LANGUAGE_STANDARD = "gnu++14";
				CLANG_CXX_LIBRARY = "libc++";
				CLANG_ENABLE_MODULES = YES;
				CLANG_ENABLE_OBJC_ARC = YES;
				CLANG_ENABLE_OBJC_WEAK = YES;
				CLANG_WARN_BLOCK_CAPTURE_AUTORELEASING = YES;
				CLANG_WARN_BOOL_CONVERSION = YES;
				CLANG_WARN_COMMA = YES;
				CLANG_WARN_CONSTANT_CONVERSION = YES;
				CLANG_WARN_DEPRECATED_OBJC_IMPLEMENTATIONS = YES;
				CLANG_WARN_DIRECT_OBJC_ISA_USAGE = YES_ERROR;
				CLANG_WARN_DOCUMENTATION_COMMENTS = YES;
				CLANG_WARN_EMPTY_BODY = YES;
				CLANG_WARN_ENUM_CONVERSION = YES;
				CLANG_WARN_INFINITE_RECURSION = YES;
				CLANG_WARN_INT_CONVERSION = YES;
				CLANG_WARN_NON_LITERAL_NULL_CONVERSION = YES;
				CLANG_WARN_OBJC_IMPLICIT_RETAIN_SELF = YES;
				CLANG_WARN_OBJC_LITERAL_CONVERSION = YES;
				CLANG_WARN_OBJC_ROOT_CLASS = YES_ERROR;
				CLANG_WARN_RANGE_LOOP_ANALYSIS = YES;
				CLANG_WARN_STRICT_PROTOTYPES = YES;
				CLANG_WARN_SUSPICIOUS_MOVE = YES;
				CLANG_WARN_UNGUARDED_AVAILABILITY = YES_AGGRESSIVE;
				CLANG_WARN_UNREACHABLE_CODE = YES;
				CLANG_WARN__DUPLICATE_METHOD_MATCH = YES;
				CODE_SIGN_IDENTITY = "iPhone Developer";
				COPY_PHASE_STRIP = NO;
				DEBUG_INFORMATION_FORMAT = dwarf;
				ENABLE_STRICT_OBJC_MSGSEND = YES;
				ENABLE_TESTABILITY = YES;
				GCC_C_LANGUAGE_STANDARD = gnu11;
				GCC_DYNAMIC_NO_PIC = NO;
				GCC_NO_COMMON_BLOCKS = YES;
				GCC_OPTIMIZATION_LEVEL = 0;
				GCC_PREPROCESSOR_DEFINITIONS = (
					"DEBUG=1",
					"$(inherited)",
				);
				GCC_WARN_64_TO_32_BIT_CONVERSION = YES;
				GCC_WARN_ABOUT_RETURN_TYPE = YES_ERROR;
				GCC_WARN_UNDECLARED_SELECTOR = YES;
				GCC_WARN_UNINITIALIZED_AUTOS = YES_AGGRESSIVE;
				GCC_WARN_UNUSED_FUNCTION = YES;
				GCC_WARN_UNUSED_VARIABLE = YES;
				IPHONEOS_DEPLOYMENT_TARGET = 12.2;
				MTL_ENABLE_DEBUG_INFO = INCLUDE_SOURCE;
				MTL_FAST_MATH = YES;
				ONLY_ACTIVE_ARCH = YES;
				SDKROOT = iphoneos;
				SWIFT_ACTIVE_COMPILATION_CONDITIONS = DEBUG;
				SWIFT_OPTIMIZATION_LEVEL = "-Onone";
			};
			name = Debug;
		};
		9314F7862257B043009E0BB7 /* Release */ = {
			isa = XCBuildConfiguration;
			buildSettings = {
				ALWAYS_SEARCH_USER_PATHS = NO;
				CLANG_ANALYZER_NONNULL = YES;
				CLANG_ANALYZER_NUMBER_OBJECT_CONVERSION = YES_AGGRESSIVE;
				CLANG_CXX_LANGUAGE_STANDARD = "gnu++14";
				CLANG_CXX_LIBRARY = "libc++";
				CLANG_ENABLE_MODULES = YES;
				CLANG_ENABLE_OBJC_ARC = YES;
				CLANG_ENABLE_OBJC_WEAK = YES;
				CLANG_WARN_BLOCK_CAPTURE_AUTORELEASING = YES;
				CLANG_WARN_BOOL_CONVERSION = YES;
				CLANG_WARN_COMMA = YES;
				CLANG_WARN_CONSTANT_CONVERSION = YES;
				CLANG_WARN_DEPRECATED_OBJC_IMPLEMENTATIONS = YES;
				CLANG_WARN_DIRECT_OBJC_ISA_USAGE = YES_ERROR;
				CLANG_WARN_DOCUMENTATION_COMMENTS = YES;
				CLANG_WARN_EMPTY_BODY = YES;
				CLANG_WARN_ENUM_CONVERSION = YES;
				CLANG_WARN_INFINITE_RECURSION = YES;
				CLANG_WARN_INT_CONVERSION = YES;
				CLANG_WARN_NON_LITERAL_NULL_CONVERSION = YES;
				CLANG_WARN_OBJC_IMPLICIT_RETAIN_SELF = YES;
				CLANG_WARN_OBJC_LITERAL_CONVERSION = YES;
				CLANG_WARN_OBJC_ROOT_CLASS = YES_ERROR;
				CLANG_WARN_RANGE_LOOP_ANALYSIS = YES;
				CLANG_WARN_STRICT_PROTOTYPES = YES;
				CLANG_WARN_SUSPICIOUS_MOVE = YES;
				CLANG_WARN_UNGUARDED_AVAILABILITY = YES_AGGRESSIVE;
				CLANG_WARN_UNREACHABLE_CODE = YES;
				CLANG_WARN__DUPLICATE_METHOD_MATCH = YES;
				CODE_SIGN_IDENTITY = "iPhone Developer";
				COPY_PHASE_STRIP = NO;
				DEBUG_INFORMATION_FORMAT = "dwarf-with-dsym";
				ENABLE_NS_ASSERTIONS = NO;
				ENABLE_STRICT_OBJC_MSGSEND = YES;
				GCC_C_LANGUAGE_STANDARD = gnu11;
				GCC_NO_COMMON_BLOCKS = YES;
				GCC_WARN_64_TO_32_BIT_CONVERSION = YES;
				GCC_WARN_ABOUT_RETURN_TYPE = YES_ERROR;
				GCC_WARN_UNDECLARED_SELECTOR = YES;
				GCC_WARN_UNINITIALIZED_AUTOS = YES_AGGRESSIVE;
				GCC_WARN_UNUSED_FUNCTION = YES;
				GCC_WARN_UNUSED_VARIABLE = YES;
				IPHONEOS_DEPLOYMENT_TARGET = 12.2;
				MTL_ENABLE_DEBUG_INFO = NO;
				MTL_FAST_MATH = YES;
				SDKROOT = iphoneos;
				SWIFT_COMPILATION_MODE = wholemodule;
				SWIFT_OPTIMIZATION_LEVEL = "-O";
				VALIDATE_PRODUCT = YES;
			};
			name = Release;
		};
		9314F7882257B043009E0BB7 /* Debug */ = {
			isa = XCBuildConfiguration;
			baseConfigurationReference = 146FB7134DA418F51EC1E8D3 /* Pods-PinPoint.debug.xcconfig */;
			buildSettings = {
				ASSETCATALOG_COMPILER_APPICON_NAME = AppIcon;
				CODE_SIGN_STYLE = Automatic;
				DEVELOPMENT_TEAM = 9DV268QUJB;
				INFOPLIST_FILE = PinPoint/Info.plist;
				LD_RUNPATH_SEARCH_PATHS = (
					"$(inherited)",
					"@executable_path/Frameworks",
				);
				PRODUCT_BUNDLE_IDENTIFIER = org.pursuit.PinPoint;
				PRODUCT_NAME = "$(TARGET_NAME)";
				SWIFT_VERSION = 5.0;
				TARGETED_DEVICE_FAMILY = "1,2";
			};
			name = Debug;
		};
		9314F7892257B043009E0BB7 /* Release */ = {
			isa = XCBuildConfiguration;
			baseConfigurationReference = 246C9750CA3360B1EC660EC1 /* Pods-PinPoint.release.xcconfig */;
			buildSettings = {
				ASSETCATALOG_COMPILER_APPICON_NAME = AppIcon;
				CODE_SIGN_STYLE = Automatic;
				DEVELOPMENT_TEAM = 9DV268QUJB;
				INFOPLIST_FILE = PinPoint/Info.plist;
				LD_RUNPATH_SEARCH_PATHS = (
					"$(inherited)",
					"@executable_path/Frameworks",
				);
				PRODUCT_BUNDLE_IDENTIFIER = org.pursuit.PinPoint;
				PRODUCT_NAME = "$(TARGET_NAME)";
				SWIFT_VERSION = 5.0;
				TARGETED_DEVICE_FAMILY = "1,2";
			};
			name = Release;
		};
/* End XCBuildConfiguration section */

/* Begin XCConfigurationList section */
		9314F7702257B041009E0BB7 /* Build configuration list for PBXProject "PinPoint" */ = {
			isa = XCConfigurationList;
			buildConfigurations = (
				9314F7852257B043009E0BB7 /* Debug */,
				9314F7862257B043009E0BB7 /* Release */,
			);
			defaultConfigurationIsVisible = 0;
			defaultConfigurationName = Release;
		};
		9314F7872257B043009E0BB7 /* Build configuration list for PBXNativeTarget "PinPoint" */ = {
			isa = XCConfigurationList;
			buildConfigurations = (
				9314F7882257B043009E0BB7 /* Debug */,
				9314F7892257B043009E0BB7 /* Release */,
			);
			defaultConfigurationIsVisible = 0;
			defaultConfigurationName = Release;
		};
/* End XCConfigurationList section */
	};
	rootObject = 9314F76D2257B041009E0BB7 /* Project object */;
}
